
Microsoft Visual Studio Solution File, Format Version 12.00
# Visual Studio Version 16
VisualStudioVersion = 16.0.31729.503
MinimumVisualStudioVersion = 10.0.40219.1
Project("{FAE04EC0-301F-11D3-BF4B-00C04F79EFBC}") = "Notes.Android", "Notes\Notes.Android\Notes.Android.csproj", "{4C50B0E5-FEF6-4F21-B53C-4D27F3E11123}"
EndProject
Project("{FAE04EC0-301F-11D3-BF4B-00C04F79EFBC}") = "Notes.iOS", "Notes\Notes.iOS\Notes.iOS.csproj", "{92721485-E8AE-4905-A5A0-34409F4D2DE5}"
EndProject
Project("{FAE04EC0-301F-11D3-BF4B-00C04F79EFBC}") = "Notes", "Notes\Notes\Notes.csproj", "{D71D918F-D218-47CC-BCF7-826A823B0C1A}"
EndProject
Global
	GlobalSection(SolutionConfigurationPlatforms) = preSolution
		Debug|Any CPU = Debug|Any CPU
		Debug|iPhone = Debug|iPhone
		Debug|iPhoneSimulator = Debug|iPhoneSimulator
		Release|Any CPU = Release|Any CPU
		Release|iPhone = Release|iPhone
		Release|iPhoneSimulator = Release|iPhoneSimulator
	EndGlobalSection
	GlobalSection(ProjectConfigurationPlatforms) = postSolution
		{4C50B0E5-FEF6-4F21-B53C-4D27F3E11123}.Debug|Any CPU.ActiveCfg = Debug|Any CPU
		{4C50B0E5-FEF6-4F21-B53C-4D27F3E11123}.Debug|Any CPU.Build.0 = Debug|Any CPU
		{4C50B0E5-FEF6-4F21-B53C-4D27F3E11123}.Debug|Any CPU.Deploy.0 = Debug|Any CPU
		{4C50B0E5-FEF6-4F21-B53C-4D27F3E11123}.Debug|iPhone.ActiveCfg = Debug|Any CPU
		{4C50B0E5-FEF6-4F21-B53C-4D27F3E11123}.Debug|iPhone.Build.0 = Debug|Any CPU
		{4C50B0E5-FEF6-4F21-B53C-4D27F3E11123}.Debug|iPhone.Deploy.0 = Debug|Any CPU
		{4C50B0E5-FEF6-4F21-B53C-4D27F3E11123}.Debug|iPhoneSimulator.ActiveCfg = Debug|Any CPU
		{4C50B0E5-FEF6-4F21-B53C-4D27F3E11123}.Debug|iPhoneSimulator.Build.0 = Debug|Any CPU
		{4C50B0E5-FEF6-4F21-B53C-4D27F3E11123}.Debug|iPhoneSimulator.Deploy.0 = Debug|Any CPU
		{4C50B0E5-FEF6-4F21-B53C-4D27F3E11123}.Release|Any CPU.ActiveCfg = Release|Any CPU
		{4C50B0E5-FEF6-4F21-B53C-4D27F3E11123}.Release|Any CPU.Build.0 = Release|Any CPU
		{4C50B0E5-FEF6-4F21-B53C-4D27F3E11123}.Release|Any CPU.Deploy.0 = Release|Any CPU
		{4C50B0E5-FEF6-4F21-B53C-4D27F3E11123}.Release|iPhone.ActiveCfg = Release|Any CPU
		{4C50B0E5-FEF6-4F21-B53C-4D27F3E11123}.Release|iPhone.Build.0 = Release|Any CPU
		{4C50B0E5-FEF6-4F21-B53C-4D27F3E11123}.Release|iPhone.Deploy.0 = Release|Any CPU
		{4C50B0E5-FEF6-4F21-B53C-4D27F3E11123}.Release|iPhoneSimulator.ActiveCfg = Release|Any CPU
		{4C50B0E5-FEF6-4F21-B53C-4D27F3E11123}.Release|iPhoneSimulator.Build.0 = Release|Any CPU
		{4C50B0E5-FEF6-4F21-B53C-4D27F3E11123}.Release|iPhoneSimulator.Deploy.0 = Release|Any CPU
		{92721485-E8AE-4905-A5A0-34409F4D2DE5}.Debug|Any CPU.ActiveCfg = Debug|iPhone
		{92721485-E8AE-4905-A5A0-34409F4D2DE5}.Debug|Any CPU.Build.0 = Debug|iPhone
		{92721485-E8AE-4905-A5A0-34409F4D2DE5}.Debug|Any CPU.Deploy.0 = Debug|iPhone
		{92721485-E8AE-4905-A5A0-34409F4D2DE5}.Debug|iPhone.ActiveCfg = Debug|iPhone
		{92721485-E8AE-4905-A5A0-34409F4D2DE5}.Debug|iPhone.Build.0 = Debug|iPhone
		{92721485-E8AE-4905-A5A0-34409F4D2DE5}.Debug|iPhone.Deploy.0 = Debug|iPhone
		{92721485-E8AE-4905-A5A0-34409F4D2DE5}.Debug|iPhoneSimulator.ActiveCfg = Debug|iPhoneSimulator
		{92721485-E8AE-4905-A5A0-34409F4D2DE5}.Debug|iPhoneSimulator.Build.0 = Debug|iPhoneSimulator
		{92721485-E8AE-4905-A5A0-34409F4D2DE5}.Debug|iPhoneSimulator.Deploy.0 = Debug|iPhoneSimulator
		{92721485-E8AE-4905-A5A0-34409F4D2DE5}.Release|Any CPU.ActiveCfg = Release|iPhoneSimulator
		{92721485-E8AE-4905-A5A0-34409F4D2DE5}.Release|Any CPU.Build.0 = Release|iPhoneSimulator
		{92721485-E8AE-4905-A5A0-34409F4D2DE5}.Release|Any CPU.Deploy.0 = Release|iPhoneSimulator
		{92721485-E8AE-4905-A5A0-34409F4D2DE5}.Release|iPhone.ActiveCfg = Release|iPhone
		{92721485-E8AE-4905-A5A0-34409F4D2DE5}.Release|iPhone.Build.0 = Release|iPhone
		{92721485-E8AE-4905-A5A0-34409F4D2DE5}.Release|iPhone.Deploy.0 = Release|iPhone
		{92721485-E8AE-4905-A5A0-34409F4D2DE5}.Release|iPhoneSimulator.ActiveCfg = Release|iPhoneSimulator
		{92721485-E8AE-4905-A5A0-34409F4D2DE5}.Release|iPhoneSimulator.Build.0 = Release|iPhoneSimulator
		{92721485-E8AE-4905-A5A0-34409F4D2DE5}.Release|iPhoneSimulator.Deploy.0 = Release|iPhoneSimulator
		{D71D918F-D218-47CC-BCF7-826A823B0C1A}.Debug|Any CPU.ActiveCfg = Debug|Any CPU
		{D71D918F-D218-47CC-BCF7-826A823B0C1A}.Debug|Any CPU.Build.0 = Debug|Any CPU
		{D71D918F-D218-47CC-BCF7-826A823B0C1A}.Debug|Any CPU.Deploy.0 = Debug|Any CPU
		{D71D918F-D218-47CC-BCF7-826A823B0C1A}.Debug|iPhone.ActiveCfg = Debug|Any CPU
		{D71D918F-D218-47CC-BCF7-826A823B0C1A}.Debug|iPhone.Build.0 = Debug|Any CPU
		{D71D918F-D218-47CC-BCF7-826A823B0C1A}.Debug|iPhone.Deploy.0 = Debug|Any CPU
		{D71D918F-D218-47CC-BCF7-826A823B0C1A}.Debug|iPhoneSimulator.ActiveCfg = Debug|Any CPU
		{D71D918F-D218-47CC-BCF7-826A823B0C1A}.Debug|iPhoneSimulator.Build.0 = Debug|Any CPU
		{D71D918F-D218-47CC-BCF7-826A823B0C1A}.Debug|iPhoneSimulator.Deploy.0 = Debug|Any CPU
		{D71D918F-D218-47CC-BCF7-826A823B0C1A}.Release|Any CPU.ActiveCfg = Release|Any CPU
		{D71D918F-D218-47CC-BCF7-826A823B0C1A}.Release|Any CPU.Build.0 = Release|Any CPU
		{D71D918F-D218-47CC-BCF7-826A823B0C1A}.Release|Any CPU.Deploy.0 = Release|Any CPU
		{D71D918F-D218-47CC-BCF7-826A823B0C1A}.Release|iPhone.ActiveCfg = Release|Any CPU
		{D71D918F-D218-47CC-BCF7-826A823B0C1A}.Release|iPhone.Build.0 = Release|Any CPU
		{D71D918F-D218-47CC-BCF7-826A823B0C1A}.Release|iPhone.Deploy.0 = Release|Any CPU
		{D71D918F-D218-47CC-BCF7-826A823B0C1A}.Release|iPhoneSimulator.ActiveCfg = Release|Any CPU
		{D71D918F-D218-47CC-BCF7-826A823B0C1A}.Release|iPhoneSimulator.Build.0 = Release|Any CPU
		{D71D918F-D218-47CC-BCF7-826A823B0C1A}.Release|iPhoneSimulator.Deploy.0 = Release|Any CPU
	EndGlobalSection
	GlobalSection(SolutionProperties) = preSolution
		HideSolutionNode = FALSE
	EndGlobalSection
	GlobalSection(ExtensibilityGlobals) = postSolution
		SolutionGuid = {B8B65BA9-0C4E-49CD-8291-9E2662679DB5}
	EndGlobalSection
EndGlobal
